
Microsoft Visual Studio Solution File, Format Version 12.00
# Visual Studio Version 16
VisualStudioVersion = 16.0.31605.320
MinimumVisualStudioVersion = 10.0.40219.1
Project("{FAE04EC0-301F-11D3-BF4B-00C04F79EFBC}") = "WebAPICore", "WebAPICore\WebAPICore.csproj", "{43BC0D7C-D41C-4596-A130-2E94A8BEFD26}"
EndProject
Project("{FAE04EC0-301F-11D3-BF4B-00C04F79EFBC}") = "WebAPICore.Model", "WebAPICore.Model\WebAPICore.Model.csproj", "{F6C558C2-0C5D-4380-892C-D9E366C5EF8F}"
EndProject
Project("{FAE04EC0-301F-11D3-BF4B-00C04F79EFBC}") = "WebAPICore.Bussiness", "WebAPICore.Bussiness\WebAPICore.Bussiness.csproj", "{D4E016CC-5E6F-4E19-BEA1-65BF7967E1EB}"
EndProject
Global
	GlobalSection(SolutionConfigurationPlatforms) = preSolution
		Debug|Any CPU = Debug|Any CPU
		Release|Any CPU = Release|Any CPU
	EndGlobalSection
	GlobalSection(ProjectConfigurationPlatforms) = postSolution
		{43BC0D7C-D41C-4596-A130-2E94A8BEFD26}.Debug|Any CPU.ActiveCfg = Debug|Any CPU
		{43BC0D7C-D41C-4596-A130-2E94A8BEFD26}.Debug|Any CPU.Build.0 = Debug|Any CPU
		{43BC0D7C-D41C-4596-A130-2E94A8BEFD26}.Release|Any CPU.ActiveCfg = Release|Any CPU
		{43BC0D7C-D41C-4596-A130-2E94A8BEFD26}.Release|Any CPU.Build.0 = Release|Any CPU
		{F6C558C2-0C5D-4380-892C-D9E366C5EF8F}.Debug|Any CPU.ActiveCfg = Debug|Any CPU
		{F6C558C2-0C5D-4380-892C-D9E366C5EF8F}.Debug|Any CPU.Build.0 = Debug|Any CPU
		{F6C558C2-0C5D-4380-892C-D9E366C5EF8F}.Release|Any CPU.ActiveCfg = Release|Any CPU
		{F6C558C2-0C5D-4380-892C-D9E366C5EF8F}.Release|Any CPU.Build.0 = Release|Any CPU
		{D4E016CC-5E6F-4E19-BEA1-65BF7967E1EB}.Debug|Any CPU.ActiveCfg = Debug|Any CPU
		{D4E016CC-5E6F-4E19-BEA1-65BF7967E1EB}.Debug|Any CPU.Build.0 = Debug|Any CPU
		{D4E016CC-5E6F-4E19-BEA1-65BF7967E1EB}.Release|Any CPU.ActiveCfg = Release|Any CPU
		{D4E016CC-5E6F-4E19-BEA1-65BF7967E1EB}.Release|Any CPU.Build.0 = Release|Any CPU
	EndGlobalSection
	GlobalSection(SolutionProperties) = preSolution
		HideSolutionNode = FALSE
	EndGlobalSection
	GlobalSection(ExtensibilityGlobals) = postSolution
		SolutionGuid = {965784B3-9325-44AF-92EE-D42B283E67BA}
	EndGlobalSection
EndGlobal
